github.com/qianlnk/pgbar v0.0.0-20190929032005-46c23acad4ed h1:/nQRgal0OAvl64fVVo0IrwlMt8vXypxc/a+N0Is80VY=
github.com/qianlnk/pgbar v0.0.0-20190929032005-46c23acad4ed/go.mod h1:4YWkn3EVkh8c1BDlVmw+Zh2QLhs+MbAg4xy4RqcKMsA=
github.com/qianlnk/to v0.0.0-20180426070425-a52c7fda1751 h1:3EYaPrwMGOaFxBbiLlsfRGFNlSLJ3ETjkPbTfkG5IGQ=
github.com/qianlnk/to v0.0.0-20180426070425-a52c7fda1751/go.mod h1:HYAQIJIdgW9cGr75BDsucQMgKREt00mECJHOskH5n5k=
